
Microsoft Visual Studio Solution File, Format Version 12.00
# Visual Studio 15
VisualStudioVersion = 15.0.26430.13
MinimumVisualStudioVersion = 10.0.40219.1
Project("{FAE04EC0-301F-11D3-BF4B-00C04F79EFBC}") = "PlaystationTIM", "PlaystationTIM\PlaystationTIM.csproj", "{297DE205-F1BC-41CD-BCC6-F93F97AC37FD}"
EndProject
Global
	GlobalSection(SolutionConfigurationPlatforms) = preSolution
		Debug|Any CPU = Debug|Any CPU
		Release|Any CPU = Release|Any CPU
	EndGlobalSection
	GlobalSection(ProjectConfigurationPlatforms) = postSolution
		{297DE205-F1BC-41CD-BCC6-F93F97AC37FD}.Debug|Any CPU.ActiveCfg = Debug|Any CPU
		{297DE205-F1BC-41CD-BCC6-F93F97AC37FD}.Debug|Any CPU.Build.0 = Debug|Any CPU
		{297DE205-F1BC-41CD-BCC6-F93F97AC37FD}.Release|Any CPU.ActiveCfg = Release|Any CPU
		{297DE205-F1BC-41CD-BCC6-F93F97AC37FD}.Release|Any CPU.Build.0 = Release|Any CPU
	EndGlobalSection
	GlobalSection(SolutionProperties) = preSolution
		HideSolutionNode = FALSE
	EndGlobalSection
EndGlobal
